// !$*UTF8*$!
{
	archiveVersion = 1;
	classes = {
	};
	objectVersion = 56;
	objects = {

/* Begin PBXBuildFile section */
		A35B8A0D29ED45C500DCFA8D /* main.swift in Sources */ = {isa = PBXBuildFile; fileRef = A35B8A0C29ED45C500DCFA8D /* main.swift */; };
		A39BF8A829ED4F1000B4FEEE /* ArgumentParser in Frameworks */ = {isa = PBXBuildFile; productRef = A39BF8A729ED4F1000B4FEEE /* ArgumentParser */; };
		A39BF8AD29ED83F800B4FEEE /* Progress in Frameworks */ = {isa = PBXBuildFile; productRef = A39BF8AC29ED83F800B4FEEE /* Progress */; };
/* End PBXBuildFile section */

/* Begin PBXCopyFilesBuildPhase section */
		A35B8A0729ED45C500DCFA8D /* CopyFiles */ = {
			isa = PBXCopyFilesBuildPhase;
			buildActionMask = 2147483647;
			dstPath = /usr/share/man/man1/;
			dstSubfolderSpec = 0;
			files = (
			);
			runOnlyForDeploymentPostprocessing = 1;
		};
/* End PBXCopyFilesBuildPhase section */

/* Begin PBXFileReference section */
		A35B8A0929ED45C500DCFA8D /* imageToSound */ = {isa = PBXFileReference; explicitFileType = "compiled.mach-o.executable"; includeInIndex = 0; path = imageToSound; sourceTree = BUILT_PRODUCTS_DIR; };
		A35B8A0C29ED45C500DCFA8D /* main.swift */ = {isa = PBXFileReference; lastKnownFileType = sourcecode.swift; path = main.swift; sourceTree = "<group>"; };
/* End PBXFileReference section */

/* Begin PBXFrameworksBuildPhase section */
		A35B8A0629ED45C500DCFA8D /* Frameworks */ = {
			isa = PBXFrameworksBuildPhase;
			buildActionMask = 2147483647;
			files = (
				A39BF8A829ED4F1000B4FEEE /* ArgumentParser in Frameworks */,
				A39BF8AD29ED83F800B4FEEE /* Progress in Frameworks */,
			);
			runOnlyForDeploymentPostprocessing = 0;
		};
/* End PBXFrameworksBuildPhase section */

/* Begin PBXGroup section */
		A35B8A0029ED45C500DCFA8D = {
			isa = PBXGroup;
			children = (
				A35B8A0B29ED45C500DCFA8D /* imageToSound */,
				A35B8A0A29ED45C500DCFA8D /* Products */,
			);
			sourceTree = "<group>";
		};
		A35B8A0A29ED45C500DCFA8D /* Products */ = {
			isa = PBXGroup;
			children = (
				A35B8A0929ED45C500DCFA8D /* imageToSound */,
			);
			name = Products;
			sourceTree = "<group>";
		};
		A35B8A0B29ED45C500DCFA8D /* imageToSound */ = {
			isa = PBXGroup;
			children = (
				A35B8A0C29ED45C500DCFA8D /* main.swift */,
			);
			path = imageToSound;
			sourceTree = "<group>";
		};
/* End PBXGroup section */

/* Begin PBXNativeTarget section */
		A35B8A0829ED45C500DCFA8D /* imageToSound */ = {
			isa = PBXNativeTarget;
			buildConfigurationList = A35B8A1029ED45C500DCFA8D /* Build configuration list for PBXNativeTarget "imageToSound" */;
			buildPhases = (
				A35B8A0529ED45C500DCFA8D /* Sources */,
				A35B8A0629ED45C500DCFA8D /* Frameworks */,
				A35B8A0729ED45C500DCFA8D /* CopyFiles */,
				A35DCCB02B6D242A006CF4CE /* ShellScript */,
			);
			buildRules = (
			);
			dependencies = (
			);
			name = imageToSound;
			packageProductDependencies = (
				A39BF8A729ED4F1000B4FEEE /* ArgumentParser */,
				A39BF8AC29ED83F800B4FEEE /* Progress */,
			);
			productName = imageToSound;
			productReference = A35B8A0929ED45C500DCFA8D /* imageToSound */;
			productType = "com.apple.product-type.tool";
		};
/* End PBXNativeTarget section */

/* Begin PBXProject section */
		A35B8A0129ED45C500DCFA8D /* Project object */ = {
			isa = PBXProject;
			attributes = {
				BuildIndependentTargetsInParallel = 1;
				LastSwiftUpdateCheck = 1430;
				LastUpgradeCheck = 1430;
				TargetAttributes = {
					A35B8A0829ED45C500DCFA8D = {
						CreatedOnToolsVersion = 14.3;
					};
				};
			};
			buildConfigurationList = A35B8A0429ED45C500DCFA8D /* Build configuration list for PBXProject "imageToSound" */;
			compatibilityVersion = "Xcode 14.0";
			developmentRegion = en;
			hasScannedForEncodings = 0;
			knownRegions = (
				en,
				Base,
			);
			mainGroup = A35B8A0029ED45C500DCFA8D;
			packageReferences = (
				A39BF8A629ED4F1000B4FEEE /* XCRemoteSwiftPackageReference "swift-argument-parser" */,
				A39BF8AB29ED83F800B4FEEE /* XCRemoteSwiftPackageReference "Progress" */,
			);
			productRefGroup = A35B8A0A29ED45C500DCFA8D /* Products */;
			projectDirPath = "";
			projectRoot = "";
			targets = (
				A35B8A0829ED45C500DCFA8D /* imageToSound */,
			);
		};
/* End PBXProject section */

/* Begin PBXShellScriptBuildPhase section */
		A35DCCB02B6D242A006CF4CE /* ShellScript */ = {
			isa = PBXShellScriptBuildPhase;
			buildActionMask = 2147483647;
			files = (
			);
			inputFileListPaths = (
			);
			inputPaths = (
			);
			outputFileListPaths = (
			);
			outputPaths = (
			);
			runOnlyForDeploymentPostprocessing = 0;
			shellPath = /bin/sh;
			shellScript = "mkdir -p \"${SRCROOT}/bin\"\n\nTARGET=\"imageToSound\"\n\nln -sf \"${BUILT_PRODUCTS_DIR}/${TARGET}\" \"${SRCROOT}/bin/${TARGET}\"\n";
		};
/* End PBXShellScriptBuildPhase section */

/* Begin PBXSourcesBuildPhase section */
		A35B8A0529ED45C500DCFA8D /* Sources */ = {
			isa = PBXSourcesBuildPhase;
			buildActionMask = 2147483647;
			files = (
				A35B8A0D29ED45C500DCFA8D /* main.swift in Sources */,
			);
			runOnlyForDeploymentPostprocessing = 0;
		};
/* End PBXSourcesBuildPhase section */

/* Begin XCBuildConfiguration section */
		A35B8A0E29ED45C500DCFA8D /* Debug */ = {
			isa = XCBuildConfiguration;
			buildSettings = {
				ALWAYS_SEARCH_USER_PATHS = NO;
				CLANG_ANALYZER_NONNULL = YES;
				CLANG_ANALYZER_NUMBER_OBJECT_CONVERSION = YES_AGGRESSIVE;
				CLANG_CXX_LANGUAGE_STANDARD = "gnu++20";
				CLANG_ENABLE_MODULES = YES;
				CLANG_ENABLE_OBJC_ARC = YES;
				CLANG_ENABLE_OBJC_WEAK = YES;
				CLANG_WARN_BLOCK_CAPTURE_AUTORELEASING = YES;
				CLANG_WARN_BOOL_CONVERSION = YES;
				CLANG_WARN_COMMA = YES;
				CLANG_WARN_CONSTANT_CONVERSION = YES;
				CLANG_WARN_DEPRECATED_OBJC_IMPLEMENTATIONS = YES;
				CLANG_WARN_DIRECT_OBJC_ISA_USAGE = YES_ERROR;
				CLANG_WARN_DOCUMENTATION_COMMENTS = YES;
				CLANG_WARN_EMPTY_BODY = YES;
				CLANG_WARN_ENUM_CONVERSION = YES;
				CLANG_WARN_INFINITE_RECURSION = YES;
				CLANG_WARN_INT_CONVERSION = YES;
				CLANG_WARN_NON_LITERAL_NULL_CONVERSION = YES;
				CLANG_WARN_OBJC_IMPLICIT_RETAIN_SELF = YES;
				CLANG_WARN_OBJC_LITERAL_CONVERSION = YES;
				CLANG_WARN_OBJC_ROOT_CLASS = YES_ERROR;
				CLANG_WARN_QUOTED_INCLUDE_IN_FRAMEWORK_HEADER = YES;
				CLANG_WARN_RANGE_LOOP_ANALYSIS = YES;
				CLANG_WARN_STRICT_PROTOTYPES = YES;
				CLANG_WARN_SUSPICIOUS_MOVE = YES;
				CLANG_WARN_UNGUARDED_AVAILABILITY = YES_AGGRESSIVE;
				CLANG_WARN_UNREACHABLE_CODE = YES;
				CLANG_WARN__DUPLICATE_METHOD_MATCH = YES;
				COPY_PHASE_STRIP = NO;
				DEBUG_INFORMATION_FORMAT = dwarf;
				ENABLE_STRICT_OBJC_MSGSEND = YES;
				ENABLE_TESTABILITY = YES;
				GCC_C_LANGUAGE_STANDARD = gnu11;
				GCC_DYNAMIC_NO_PIC = NO;
				GCC_NO_COMMON_BLOCKS = YES;
				GCC_OPTIMIZATION_LEVEL = 0;
				GCC_PREPROCESSOR_DEFINITIONS = (
					"DEBUG=1",
					"$(inherited)",
				);
				GCC_WARN_64_TO_32_BIT_CONVERSION = YES;
				GCC_WARN_ABOUT_RETURN_TYPE = YES_ERROR;
				GCC_WARN_UNDECLARED_SELECTOR = YES;
				GCC_WARN_UNINITIALIZED_AUTOS = YES_AGGRESSIVE;
				GCC_WARN_UNUSED_FUNCTION = YES;
				GCC_WARN_UNUSED_VARIABLE = YES;
				MACOSX_DEPLOYMENT_TARGET = 13.2;
				MTL_ENABLE_DEBUG_INFO = INCLUDE_SOURCE;
				MTL_FAST_MATH = YES;
				ONLY_ACTIVE_ARCH = YES;
				SDKROOT = macosx;
				SWIFT_ACTIVE_COMPILATION_CONDITIONS = DEBUG;
				SWIFT_OPTIMIZATION_LEVEL = "-Onone";
			};
			name = Debug;
		};
		A35B8A0F29ED45C500DCFA8D /* Release */ = {
			isa = XCBuildConfiguration;
			buildSettings = {
				ALWAYS_SEARCH_USER_PATHS = NO;
				CLANG_ANALYZER_NONNULL = YES;
				CLANG_ANALYZER_NUMBER_OBJECT_CONVERSION = YES_AGGRESSIVE;
				CLANG_CXX_LANGUAGE_STANDARD = "gnu++20";
				CLANG_ENABLE_MODULES = YES;
				CLANG_ENABLE_OBJC_ARC = YES;
				CLANG_ENABLE_OBJC_WEAK = YES;
				CLANG_WARN_BLOCK_CAPTURE_AUTORELEASING = YES;
				CLANG_WARN_BOOL_CONVERSION = YES;
				CLANG_WARN_COMMA = YES;
				CLANG_WARN_CONSTANT_CONVERSION = YES;
				CLANG_WARN_DEPRECATED_OBJC_IMPLEMENTATIONS = YES;
				CLANG_WARN_DIRECT_OBJC_ISA_USAGE = YES_ERROR;
				CLANG_WARN_DOCUMENTATION_COMMENTS = YES;
				CLANG_WARN_EMPTY_BODY = YES;
				CLANG_WARN_ENUM_CONVERSION = YES;
				CLANG_WARN_INFINITE_RECURSION = YES;
				CLANG_WARN_INT_CONVERSION = YES;
				CLANG_WARN_NON_LITERAL_NULL_CONVERSION = YES;
				CLANG_WARN_OBJC_IMPLICIT_RETAIN_SELF = YES;
				CLANG_WARN_OBJC_LITERAL_CONVERSION = YES;
				CLANG_WARN_OBJC_ROOT_CLASS = YES_ERROR;
				CLANG_WARN_QUOTED_INCLUDE_IN_FRAMEWORK_HEADER = YES;
				CLANG_WARN_RANGE_LOOP_ANALYSIS = YES;
				CLANG_WARN_STRICT_PROTOTYPES = YES;
				CLANG_WARN_SUSPICIOUS_MOVE = YES;
				CLANG_WARN_UNGUARDED_AVAILABILITY = YES_AGGRESSIVE;
				CLANG_WARN_UNREACHABLE_CODE = YES;
				CLANG_WARN__DUPLICATE_METHOD_MATCH = YES;
				COPY_PHASE_STRIP = NO;
				DEBUG_INFORMATION_FORMAT = "dwarf-with-dsym";
				ENABLE_NS_ASSERTIONS = NO;
				ENABLE_STRICT_OBJC_MSGSEND = YES;
				GCC_C_LANGUAGE_STANDARD = gnu11;
				GCC_NO_COMMON_BLOCKS = YES;
				GCC_WARN_64_TO_32_BIT_CONVERSION = YES;
				GCC_WARN_ABOUT_RETURN_TYPE = YES_ERROR;
				GCC_WARN_UNDECLARED_SELECTOR = YES;
				GCC_WARN_UNINITIALIZED_AUTOS = YES_AGGRESSIVE;
				GCC_WARN_UNUSED_FUNCTION = YES;
				GCC_WARN_UNUSED_VARIABLE = YES;
				MACOSX_DEPLOYMENT_TARGET = 13.2;
				MTL_ENABLE_DEBUG_INFO = NO;
				MTL_FAST_MATH = YES;
				SDKROOT = macosx;
				SWIFT_COMPILATION_MODE = wholemodule;
				SWIFT_OPTIMIZATION_LEVEL = "-O";
			};
			name = Release;
		};
		A35B8A1129ED45C500DCFA8D /* Debug */ = {
			isa = XCBuildConfiguration;
			buildSettings = {
				CODE_SIGN_STYLE = Automatic;
				DEVELOPMENT_TEAM = 949V7B7QAK;
				ENABLE_HARDENED_RUNTIME = YES;
				PRODUCT_NAME = "$(TARGET_NAME)";
				SWIFT_VERSION = 5.0;
			};
			name = Debug;
		};
		A35B8A1229ED45C500DCFA8D /* Release */ = {
			isa = XCBuildConfiguration;
			buildSettings = {
				CODE_SIGN_STYLE = Automatic;
				DEVELOPMENT_TEAM = 949V7B7QAK;
				ENABLE_HARDENED_RUNTIME = YES;
				PRODUCT_NAME = "$(TARGET_NAME)";
				SWIFT_VERSION = 5.0;
			};
			name = Release;
		};
/* End XCBuildConfiguration section */

/* Begin XCConfigurationList section */
		A35B8A0429ED45C500DCFA8D /* Build configuration list for PBXProject "imageToSound" */ = {
			isa = XCConfigurationList;
			buildConfigurations = (
				A35B8A0E29ED45C500DCFA8D /* Debug */,
				A35B8A0F29ED45C500DCFA8D /* Release */,
			);
			defaultConfigurationIsVisible = 0;
			defaultConfigurationName = Release;
		};
		A35B8A1029ED45C500DCFA8D /* Build configuration list for PBXNativeTarget "imageToSound" */ = {
			isa = XCConfigurationList;
			buildConfigurations = (
				A35B8A1129ED45C500DCFA8D /* Debug */,
				A35B8A1229ED45C500DCFA8D /* Release */,
			);
			defaultConfigurationIsVisible = 0;
			defaultConfigurationName = Release;
		};
/* End XCConfigurationList section */

/* Begin XCRemoteSwiftPackageReference section */
		A39BF8A629ED4F1000B4FEEE /* XCRemoteSwiftPackageReference "swift-argument-parser" */ = {
			isa = XCRemoteSwiftPackageReference;
			repositoryURL = "https://github.com/apple/swift-argument-parser.git";
			requirement = {
				kind = upToNextMajorVersion;
				minimumVersion = 1.0.0;
			};
		};
		A39BF8AB29ED83F800B4FEEE /* XCRemoteSwiftPackageReference "Progress" */ = {
			isa = XCRemoteSwiftPackageReference;
			repositoryURL = "https://github.com/jkandzi/Progress.swift";
			requirement = {
				kind = upToNextMajorVersion;
				minimumVersion = 0.4.0;
			};
		};
/* End XCRemoteSwiftPackageReference section */

/* Begin XCSwiftPackageProductDependency section */
		A39BF8A729ED4F1000B4FEEE /* ArgumentParser */ = {
			isa = XCSwiftPackageProductDependency;
			package = A39BF8A629ED4F1000B4FEEE /* XCRemoteSwiftPackageReference "swift-argument-parser" */;
			productName = ArgumentParser;
		};
		A39BF8AC29ED83F800B4FEEE /* Progress */ = {
			isa = XCSwiftPackageProductDependency;
			package = A39BF8AB29ED83F800B4FEEE /* XCRemoteSwiftPackageReference "Progress" */;
			productName = Progress;
		};
/* End XCSwiftPackageProductDependency section */
	};
	rootObject = A35B8A0129ED45C500DCFA8D /* Project object */;
}
